{
  "name": "weather_app",
  "version": "1.0.0",
  "lockfileVersion": 2,
  "requires": true,
  "packages": {
    "": {
      "name": "weather_app",
      "version": "1.0.0",
      "license": "ISC",
      "dependencies": {
        "country-state-picker": "^1.1.5"
      }
    },
    "node_modules/country-state-picker": {
      "version": "1.1.5",
      "resolved": "https://registry.npmjs.org/country-state-picker/-/country-state-picker-1.1.5.tgz",
      "integrity": "sha512-YzQ35FsJG1YHSqHbitFY8ov7H2ghOGmYY1H6+G363J6j9+zxzdvk3jicEvzSmY7E08+2WQqX63jzCJmaRYMYSA=="
    }
  },
  "dependencies": {
    "country-state-picker": {
      "version": "1.1.5",
      "resolved": "https://registry.npmjs.org/country-state-picker/-/country-state-picker-1.1.5.tgz",
      "integrity": "sha512-YzQ35FsJG1YHSqHbitFY8ov7H2ghOGmYY1H6+G363J6j9+zxzdvk3jicEvzSmY7E08+2WQqX63jzCJmaRYMYSA=="
    }
  }
}
